
Microsoft Visual Studio Solution File, Format Version 12.00
# Visual Studio Version 16
VisualStudioVersion = 16.0.30717.126
MinimumVisualStudioVersion = 10.0.40219.1
Project("{FAE04EC0-301F-11D3-BF4B-00C04F79EFBC}") = "PF06", "PF06\PF06.csproj", "{7A721630-0B2D-4393-805C-D17FFDBE7636}"
EndProject
Global
	GlobalSection(SolutionConfigurationPlatforms) = preSolution
		Debug|Any CPU = Debug|Any CPU
		Release|Any CPU = Release|Any CPU
	EndGlobalSection
	GlobalSection(ProjectConfigurationPlatforms) = postSolution
		{7A721630-0B2D-4393-805C-D17FFDBE7636}.Debug|Any CPU.ActiveCfg = Debug|Any CPU
		{7A721630-0B2D-4393-805C-D17FFDBE7636}.Debug|Any CPU.Build.0 = Debug|Any CPU
		{7A721630-0B2D-4393-805C-D17FFDBE7636}.Release|Any CPU.ActiveCfg = Release|Any CPU
		{7A721630-0B2D-4393-805C-D17FFDBE7636}.Release|Any CPU.Build.0 = Release|Any CPU
	EndGlobalSection
	GlobalSection(SolutionProperties) = preSolution
		HideSolutionNode = FALSE
	EndGlobalSection
	GlobalSection(ExtensibilityGlobals) = postSolution
		SolutionGuid = {221E03E9-80BC-4AC9-9128-AF58CBADD49E}
	EndGlobalSection
EndGlobal
