
Microsoft Visual Studio Solution File, Format Version 12.00
# Visual Studio Version 16
VisualStudioVersion = 16.0.30717.126
MinimumVisualStudioVersion = 10.0.40219.1
Project("{FAE04EC0-301F-11D3-BF4B-00C04F79EFBC}") = "PF09", "PF09\PF09.csproj", "{AF31CBDC-D4B6-487A-9DAA-073013D81AA0}"
EndProject
Global
	GlobalSection(SolutionConfigurationPlatforms) = preSolution
		Debug|Any CPU = Debug|Any CPU
		Release|Any CPU = Release|Any CPU
	EndGlobalSection
	GlobalSection(ProjectConfigurationPlatforms) = postSolution
		{AF31CBDC-D4B6-487A-9DAA-073013D81AA0}.Debug|Any CPU.ActiveCfg = Debug|Any CPU
		{AF31CBDC-D4B6-487A-9DAA-073013D81AA0}.Debug|Any CPU.Build.0 = Debug|Any CPU
		{AF31CBDC-D4B6-487A-9DAA-073013D81AA0}.Release|Any CPU.ActiveCfg = Release|Any CPU
		{AF31CBDC-D4B6-487A-9DAA-073013D81AA0}.Release|Any CPU.Build.0 = Release|Any CPU
	EndGlobalSection
	GlobalSection(SolutionProperties) = preSolution
		HideSolutionNode = FALSE
	EndGlobalSection
	GlobalSection(ExtensibilityGlobals) = postSolution
		SolutionGuid = {DF58D97E-78DA-46E1-B272-970A2F28BADB}
	EndGlobalSection
EndGlobal
