
Microsoft Visual Studio Solution File, Format Version 12.00
# Visual Studio Version 16
VisualStudioVersion = 16.0.30717.126
MinimumVisualStudioVersion = 10.0.40219.1
Project("{FAE04EC0-301F-11D3-BF4B-00C04F79EFBC}") = "PF08", "PF08\PF08.csproj", "{133D4E55-72F9-46F1-8B1A-678D14F2CFB4}"
EndProject
Global
	GlobalSection(SolutionConfigurationPlatforms) = preSolution
		Debug|Any CPU = Debug|Any CPU
		Release|Any CPU = Release|Any CPU
	EndGlobalSection
	GlobalSection(ProjectConfigurationPlatforms) = postSolution
		{133D4E55-72F9-46F1-8B1A-678D14F2CFB4}.Debug|Any CPU.ActiveCfg = Debug|Any CPU
		{133D4E55-72F9-46F1-8B1A-678D14F2CFB4}.Debug|Any CPU.Build.0 = Debug|Any CPU
		{133D4E55-72F9-46F1-8B1A-678D14F2CFB4}.Release|Any CPU.ActiveCfg = Release|Any CPU
		{133D4E55-72F9-46F1-8B1A-678D14F2CFB4}.Release|Any CPU.Build.0 = Release|Any CPU
	EndGlobalSection
	GlobalSection(SolutionProperties) = preSolution
		HideSolutionNode = FALSE
	EndGlobalSection
	GlobalSection(ExtensibilityGlobals) = postSolution
		SolutionGuid = {7770CC1D-909B-44A8-B2F3-0D46B926748A}
	EndGlobalSection
EndGlobal
