
Microsoft Visual Studio Solution File, Format Version 12.00
# Visual Studio Version 16
VisualStudioVersion = 16.0.31702.278
MinimumVisualStudioVersion = 10.0.40219.1
Project("{FAE04EC0-301F-11D3-BF4B-00C04F79EFBC}") = "PF21", "PF21\PF21.csproj", "{0A72DED2-B3E7-4F13-AB1F-9B6E758E1B05}"
EndProject
Global
	GlobalSection(SolutionConfigurationPlatforms) = preSolution
		Debug|Any CPU = Debug|Any CPU
		Release|Any CPU = Release|Any CPU
	EndGlobalSection
	GlobalSection(ProjectConfigurationPlatforms) = postSolution
		{0A72DED2-B3E7-4F13-AB1F-9B6E758E1B05}.Debug|Any CPU.ActiveCfg = Debug|Any CPU
		{0A72DED2-B3E7-4F13-AB1F-9B6E758E1B05}.Debug|Any CPU.Build.0 = Debug|Any CPU
		{0A72DED2-B3E7-4F13-AB1F-9B6E758E1B05}.Release|Any CPU.ActiveCfg = Release|Any CPU
		{0A72DED2-B3E7-4F13-AB1F-9B6E758E1B05}.Release|Any CPU.Build.0 = Release|Any CPU
	EndGlobalSection
	GlobalSection(SolutionProperties) = preSolution
		HideSolutionNode = FALSE
	EndGlobalSection
	GlobalSection(ExtensibilityGlobals) = postSolution
		SolutionGuid = {930AC1DE-348F-4C06-B0C3-56738DB0FE87}
	EndGlobalSection
EndGlobal
